
Microsoft Visual Studio Solution File, Format Version 12.00
Project("{FAE04EC0-301F-11D3-BF4B-00C04F79EFBC}") = "src", "src\src.csproj", "{3D26A917-42DE-478D-9F43-FA488E976494}"
EndProject
Global
	GlobalSection(SolutionConfigurationPlatforms) = preSolution
		Debug|Any CPU = Debug|Any CPU
		Release|Any CPU = Release|Any CPU
	EndGlobalSection
	GlobalSection(ProjectConfigurationPlatforms) = postSolution
		{3D26A917-42DE-478D-9F43-FA488E976494}.Debug|Any CPU.ActiveCfg = Debug|Any CPU
		{3D26A917-42DE-478D-9F43-FA488E976494}.Debug|Any CPU.Build.0 = Debug|Any CPU
		{3D26A917-42DE-478D-9F43-FA488E976494}.Release|Any CPU.ActiveCfg = Release|Any CPU
		{3D26A917-42DE-478D-9F43-FA488E976494}.Release|Any CPU.Build.0 = Release|Any CPU
	EndGlobalSection
EndGlobal
